// !$*UTF8*$!
{
	archiveVersion = 1;
	classes = {
	};
	objectVersion = 56;
	objects = {

/* Begin PBXBuildFile section */
		23DC02942AB2F288006B6880 /* MainCollectionViewCell.xib in Resources */ = {isa = PBXBuildFile; fileRef = 23DC02932AB2F288006B6880 /* MainCollectionViewCell.xib */; };
		23DC02962AB40DB1006B6880 /* File.swift in Sources */ = {isa = PBXBuildFile; fileRef = 23DC02952AB40DB1006B6880 /* File.swift */; };
		23DC02982AB49AE6006B6880 /* MainHeaderView.swift in Sources */ = {isa = PBXBuildFile; fileRef = 23DC02972AB49AE6006B6880 /* MainHeaderView.swift */; };
		23DC029A2AB4A274006B6880 /* Test.swift in Sources */ = {isa = PBXBuildFile; fileRef = 23DC02992AB4A274006B6880 /* Test.swift */; };
		23DC029C2AB631DA006B6880 /* Old.swift in Sources */ = {isa = PBXBuildFile; fileRef = 23DC029B2AB631DA006B6880 /* Old.swift */; };
		23DC029E2AB6B529006B6880 /* SearchBar.swift in Sources */ = {isa = PBXBuildFile; fileRef = 23DC029D2AB6B529006B6880 /* SearchBar.swift */; };
		23DC02A02AB76285006B6880 /* presentedSongViewController.swift in Sources */ = {isa = PBXBuildFile; fileRef = 23DC029F2AB76285006B6880 /* presentedSongViewController.swift */; };
		23DC02A22AB77FF5006B6880 /* MaintableViewCell.xib in Resources */ = {isa = PBXBuildFile; fileRef = 23DC02A12AB77FF5006B6880 /* MaintableViewCell.xib */; };
		23DC02A52AB7803C006B6880 /* MaintableViewCell.swift in Sources */ = {isa = PBXBuildFile; fileRef = 23DC02A42AB7803C006B6880 /* MaintableViewCell.swift */; };
		23ECE48A2AB1A1AD0048D0C8 /* AppDelegate.swift in Sources */ = {isa = PBXBuildFile; fileRef = 23ECE4892AB1A1AD0048D0C8 /* AppDelegate.swift */; };
		23ECE48C2AB1A1AD0048D0C8 /* SceneDelegate.swift in Sources */ = {isa = PBXBuildFile; fileRef = 23ECE48B2AB1A1AD0048D0C8 /* SceneDelegate.swift */; };
		23ECE48E2AB1A1AD0048D0C8 /* MainViewController.swift in Sources */ = {isa = PBXBuildFile; fileRef = 23ECE48D2AB1A1AD0048D0C8 /* MainViewController.swift */; };
		23ECE4912AB1A1AD0048D0C8 /* Main.storyboard in Resources */ = {isa = PBXBuildFile; fileRef = 23ECE48F2AB1A1AD0048D0C8 /* Main.storyboard */; };
		23ECE4942AB1A1AD0048D0C8 /* ItunesSearch_Test.xcdatamodeld in Sources */ = {isa = PBXBuildFile; fileRef = 23ECE4922AB1A1AD0048D0C8 /* ItunesSearch_Test.xcdatamodeld */; };
		23ECE4962AB1A1AE0048D0C8 /* Assets.xcassets in Resources */ = {isa = PBXBuildFile; fileRef = 23ECE4952AB1A1AE0048D0C8 /* Assets.xcassets */; };
		23ECE4992AB1A1AE0048D0C8 /* LaunchScreen.storyboard in Resources */ = {isa = PBXBuildFile; fileRef = 23ECE4972AB1A1AE0048D0C8 /* LaunchScreen.storyboard */; };
		23ECE4A12AB1AE8B0048D0C8 /* MusicModel.swift in Sources */ = {isa = PBXBuildFile; fileRef = 23ECE4A02AB1AE8B0048D0C8 /* MusicModel.swift */; };
		23ECE4A32AB1E03A0048D0C8 /* DataManager.swift in Sources */ = {isa = PBXBuildFile; fileRef = 23ECE4A22AB1E03A0048D0C8 /* DataManager.swift */; };
		23ECE4A52AB23D5F0048D0C8 /* MainCollectionViewCell.swift in Sources */ = {isa = PBXBuildFile; fileRef = 23ECE4A42AB23D5F0048D0C8 /* MainCollectionViewCell.swift */; };
/* End PBXBuildFile section */

/* Begin PBXFileReference section */
		23DC02932AB2F288006B6880 /* MainCollectionViewCell.xib */ = {isa = PBXFileReference; lastKnownFileType = file.xib; path = MainCollectionViewCell.xib; sourceTree = "<group>"; };
		23DC02952AB40DB1006B6880 /* File.swift */ = {isa = PBXFileReference; lastKnownFileType = sourcecode.swift; path = File.swift; sourceTree = "<group>"; };
		23DC02972AB49AE6006B6880 /* MainHeaderView.swift */ = {isa = PBXFileReference; lastKnownFileType = sourcecode.swift; path = MainHeaderView.swift; sourceTree = "<group>"; };
		23DC02992AB4A274006B6880 /* Test.swift */ = {isa = PBXFileReference; lastKnownFileType = sourcecode.swift; path = Test.swift; sourceTree = "<group>"; };
		23DC029B2AB631DA006B6880 /* Old.swift */ = {isa = PBXFileReference; lastKnownFileType = sourcecode.swift; path = Old.swift; sourceTree = "<group>"; };
		23DC029D2AB6B529006B6880 /* SearchBar.swift */ = {isa = PBXFileReference; lastKnownFileType = sourcecode.swift; path = SearchBar.swift; sourceTree = "<group>"; };
		23DC029F2AB76285006B6880 /* presentedSongViewController.swift */ = {isa = PBXFileReference; lastKnownFileType = sourcecode.swift; path = presentedSongViewController.swift; sourceTree = "<group>"; };
		23DC02A12AB77FF5006B6880 /* MaintableViewCell.xib */ = {isa = PBXFileReference; lastKnownFileType = file.xib; path = MaintableViewCell.xib; sourceTree = "<group>"; };
		23DC02A42AB7803C006B6880 /* MaintableViewCell.swift */ = {isa = PBXFileReference; lastKnownFileType = sourcecode.swift; path = MaintableViewCell.swift; sourceTree = "<group>"; };
		23ECE4862AB1A1AD0048D0C8 /* ItunesSearch Test.app */ = {isa = PBXFileReference; explicitFileType = wrapper.application; includeInIndex = 0; path = "ItunesSearch Test.app"; sourceTree = BUILT_PRODUCTS_DIR; };
		23ECE4892AB1A1AD0048D0C8 /* AppDelegate.swift */ = {isa = PBXFileReference; lastKnownFileType = sourcecode.swift; path = AppDelegate.swift; sourceTree = "<group>"; };
		23ECE48B2AB1A1AD0048D0C8 /* SceneDelegate.swift */ = {isa = PBXFileReference; lastKnownFileType = sourcecode.swift; path = SceneDelegate.swift; sourceTree = "<group>"; };
		23ECE48D2AB1A1AD0048D0C8 /* MainViewController.swift */ = {isa = PBXFileReference; lastKnownFileType = sourcecode.swift; path = MainViewController.swift; sourceTree = "<group>"; };
		23ECE4902AB1A1AD0048D0C8 /* Base */ = {isa = PBXFileReference; lastKnownFileType = file.storyboard; name = Base; path = Base.lproj/Main.storyboard; sourceTree = "<group>"; };
		23ECE4932AB1A1AD0048D0C8 /* ItunesSearch_Test.xcdatamodel */ = {isa = PBXFileReference; lastKnownFileType = wrapper.xcdatamodel; path = ItunesSearch_Test.xcdatamodel; sourceTree = "<group>"; };
		23ECE4952AB1A1AE0048D0C8 /* Assets.xcassets */ = {isa = PBXFileReference; lastKnownFileType = folder.assetcatalog; path = Assets.xcassets; sourceTree = "<group>"; };
		23ECE4982AB1A1AE0048D0C8 /* Base */ = {isa = PBXFileReference; lastKnownFileType = file.storyboard; name = Base; path = Base.lproj/LaunchScreen.storyboard; sourceTree = "<group>"; };
		23ECE49A2AB1A1AE0048D0C8 /* Info.plist */ = {isa = PBXFileReference; lastKnownFileType = text.plist.xml; path = Info.plist; sourceTree = "<group>"; };
		23ECE4A02AB1AE8B0048D0C8 /* MusicModel.swift */ = {isa = PBXFileReference; lastKnownFileType = sourcecode.swift; path = MusicModel.swift; sourceTree = "<group>"; };
		23ECE4A22AB1E03A0048D0C8 /* DataManager.swift */ = {isa = PBXFileReference; lastKnownFileType = sourcecode.swift; path = DataManager.swift; sourceTree = "<group>"; };
		23ECE4A42AB23D5F0048D0C8 /* MainCollectionViewCell.swift */ = {isa = PBXFileReference; lastKnownFileType = sourcecode.swift; path = MainCollectionViewCell.swift; sourceTree = "<group>"; };
/* End PBXFileReference section */

/* Begin PBXFrameworksBuildPhase section */
		23ECE4832AB1A1AD0048D0C8 /* Frameworks */ = {
			isa = PBXFrameworksBuildPhase;
			buildActionMask = 2147483647;
			files = (
			);
			runOnlyForDeploymentPostprocessing = 0;
		};
/* End PBXFrameworksBuildPhase section */

/* Begin PBXGroup section */
		23DC02A32AB78009006B6880 /* New Group */ = {
			isa = PBXGroup;
			children = (
				23DC02992AB4A274006B6880 /* Test.swift */,
				23DC02952AB40DB1006B6880 /* File.swift */,
				23DC02972AB49AE6006B6880 /* MainHeaderView.swift */,
				23DC029D2AB6B529006B6880 /* SearchBar.swift */,
				23DC029B2AB631DA006B6880 /* Old.swift */,
			);
			path = "New Group";
			sourceTree = "<group>";
		};
		23DC02A62AB786C9006B6880 /* AppDelegate */ = {
			isa = PBXGroup;
			children = (
				23ECE4892AB1A1AD0048D0C8 /* AppDelegate.swift */,
				23ECE48B2AB1A1AD0048D0C8 /* SceneDelegate.swift */,
			);
			path = AppDelegate;
			sourceTree = "<group>";
		};
		23DC02A72AB786DB006B6880 /* xib */ = {
			isa = PBXGroup;
			children = (
				23ECE48F2AB1A1AD0048D0C8 /* Main.storyboard */,
				23DC02932AB2F288006B6880 /* MainCollectionViewCell.xib */,
				23DC02A12AB77FF5006B6880 /* MaintableViewCell.xib */,
				23ECE4972AB1A1AE0048D0C8 /* LaunchScreen.storyboard */,
			);
			path = xib;
			sourceTree = "<group>";
		};
		23DC02A82AB786FE006B6880 /* Cell */ = {
			isa = PBXGroup;
			children = (
				23DC02A42AB7803C006B6880 /* MaintableViewCell.swift */,
				23ECE4A42AB23D5F0048D0C8 /* MainCollectionViewCell.swift */,
			);
			path = Cell;
			sourceTree = "<group>";
		};
		23ECE47D2AB1A1AD0048D0C8 = {
			isa = PBXGroup;
			children = (
				23ECE4882AB1A1AD0048D0C8 /* ItunesSearch Test */,
				23ECE4872AB1A1AD0048D0C8 /* Products */,
			);
			sourceTree = "<group>";
		};
		23ECE4872AB1A1AD0048D0C8 /* Products */ = {
			isa = PBXGroup;
			children = (
				23ECE4862AB1A1AD0048D0C8 /* ItunesSearch Test.app */,
			);
			name = Products;
			sourceTree = "<group>";
		};
		23ECE4882AB1A1AD0048D0C8 /* ItunesSearch Test */ = {
			isa = PBXGroup;
			children = (
				23ECE48D2AB1A1AD0048D0C8 /* MainViewController.swift */,
				23DC029F2AB76285006B6880 /* presentedSongViewController.swift */,
				23DC02A82AB786FE006B6880 /* Cell */,
				23DC02A72AB786DB006B6880 /* xib */,
				23ECE4A02AB1AE8B0048D0C8 /* MusicModel.swift */,
				23ECE4A22AB1E03A0048D0C8 /* DataManager.swift */,
				23ECE4952AB1A1AE0048D0C8 /* Assets.xcassets */,
				23DC02A62AB786C9006B6880 /* AppDelegate */,
				23ECE49A2AB1A1AE0048D0C8 /* Info.plist */,
				23ECE4922AB1A1AD0048D0C8 /* ItunesSearch_Test.xcdatamodeld */,
				23DC02A32AB78009006B6880 /* New Group */,
			);
			path = "ItunesSearch Test";
			sourceTree = "<group>";
		};
/* End PBXGroup section */

/* Begin PBXNativeTarget section */
		23ECE4852AB1A1AD0048D0C8 /* ItunesSearch Test */ = {
			isa = PBXNativeTarget;
			buildConfigurationList = 23ECE49D2AB1A1AE0048D0C8 /* Build configuration list for PBXNativeTarget "ItunesSearch Test" */;
			buildPhases = (
				23ECE4822AB1A1AD0048D0C8 /* Sources */,
				23ECE4832AB1A1AD0048D0C8 /* Frameworks */,
				23ECE4842AB1A1AD0048D0C8 /* Resources */,
			);
			buildRules = (
			);
			dependencies = (
			);
			name = "ItunesSearch Test";
			productName = "ItunesSearch Test";
			productReference = 23ECE4862AB1A1AD0048D0C8 /* ItunesSearch Test.app */;
			productType = "com.apple.product-type.application";
		};
/* End PBXNativeTarget section */

/* Begin PBXProject section */
		23ECE47E2AB1A1AD0048D0C8 /* Project object */ = {
			isa = PBXProject;
			attributes = {
				BuildIndependentTargetsInParallel = 1;
				LastSwiftUpdateCheck = 1430;
				LastUpgradeCheck = 1430;
				TargetAttributes = {
					23ECE4852AB1A1AD0048D0C8 = {
						CreatedOnToolsVersion = 14.3.1;
					};
				};
			};
			buildConfigurationList = 23ECE4812AB1A1AD0048D0C8 /* Build configuration list for PBXProject "ItunesSearch Test" */;
			compatibilityVersion = "Xcode 14.0";
			developmentRegion = en;
			hasScannedForEncodings = 0;
			knownRegions = (
				en,
				Base,
			);
			mainGroup = 23ECE47D2AB1A1AD0048D0C8;
			productRefGroup = 23ECE4872AB1A1AD0048D0C8 /* Products */;
			projectDirPath = "";
			projectRoot = "";
			targets = (
				23ECE4852AB1A1AD0048D0C8 /* ItunesSearch Test */,
			);
		};
/* End PBXProject section */

/* Begin PBXResourcesBuildPhase section */
		23ECE4842AB1A1AD0048D0C8 /* Resources */ = {
			isa = PBXResourcesBuildPhase;
			buildActionMask = 2147483647;
			files = (
				23ECE4992AB1A1AE0048D0C8 /* LaunchScreen.storyboard in Resources */,
				23DC02942AB2F288006B6880 /* MainCollectionViewCell.xib in Resources */,
				23DC02A22AB77FF5006B6880 /* MaintableViewCell.xib in Resources */,
				23ECE4962AB1A1AE0048D0C8 /* Assets.xcassets in Resources */,
				23ECE4912AB1A1AD0048D0C8 /* Main.storyboard in Resources */,
			);
			runOnlyForDeploymentPostprocessing = 0;
		};
/* End PBXResourcesBuildPhase section */

/* Begin PBXSourcesBuildPhase section */
		23ECE4822AB1A1AD0048D0C8 /* Sources */ = {
			isa = PBXSourcesBuildPhase;
			buildActionMask = 2147483647;
			files = (
				23ECE48E2AB1A1AD0048D0C8 /* MainViewController.swift in Sources */,
				23ECE4A52AB23D5F0048D0C8 /* MainCollectionViewCell.swift in Sources */,
				23ECE4A32AB1E03A0048D0C8 /* DataManager.swift in Sources */,
				23DC029C2AB631DA006B6880 /* Old.swift in Sources */,
				23DC02A52AB7803C006B6880 /* MaintableViewCell.swift in Sources */,
				23DC02982AB49AE6006B6880 /* MainHeaderView.swift in Sources */,
				23DC02A02AB76285006B6880 /* presentedSongViewController.swift in Sources */,
				23DC029E2AB6B529006B6880 /* SearchBar.swift in Sources */,
				23ECE48A2AB1A1AD0048D0C8 /* AppDelegate.swift in Sources */,
				23ECE48C2AB1A1AD0048D0C8 /* SceneDelegate.swift in Sources */,
				23DC02962AB40DB1006B6880 /* File.swift in Sources */,
				23DC029A2AB4A274006B6880 /* Test.swift in Sources */,
				23ECE4A12AB1AE8B0048D0C8 /* MusicModel.swift in Sources */,
				23ECE4942AB1A1AD0048D0C8 /* ItunesSearch_Test.xcdatamodeld in Sources */,
			);
			runOnlyForDeploymentPostprocessing = 0;
		};
/* End PBXSourcesBuildPhase section */

/* Begin PBXVariantGroup section */
		23ECE48F2AB1A1AD0048D0C8 /* Main.storyboard */ = {
			isa = PBXVariantGroup;
			children = (
				23ECE4902AB1A1AD0048D0C8 /* Base */,
			);
			name = Main.storyboard;
			sourceTree = "<group>";
		};
		23ECE4972AB1A1AE0048D0C8 /* LaunchScreen.storyboard */ = {
			isa = PBXVariantGroup;
			children = (
				23ECE4982AB1A1AE0048D0C8 /* Base */,
			);
			name = LaunchScreen.storyboard;
			sourceTree = "<group>";
		};
/* End PBXVariantGroup section */

/* Begin XCBuildConfiguration section */
		23ECE49B2AB1A1AE0048D0C8 /* Debug */ = {
			isa = XCBuildConfiguration;
			buildSettings = {
				ALWAYS_SEARCH_USER_PATHS = NO;
				CLANG_ANALYZER_NONNULL = YES;
				CLANG_ANALYZER_NUMBER_OBJECT_CONVERSION = YES_AGGRESSIVE;
				CLANG_CXX_LANGUAGE_STANDARD = "gnu++20";
				CLANG_ENABLE_MODULES = YES;
				CLANG_ENABLE_OBJC_ARC = YES;
				CLANG_ENABLE_OBJC_WEAK = YES;
				CLANG_WARN_BLOCK_CAPTURE_AUTORELEASING = YES;
				CLANG_WARN_BOOL_CONVERSION = YES;
				CLANG_WARN_COMMA = YES;
				CLANG_WARN_CONSTANT_CONVERSION = YES;
				CLANG_WARN_DEPRECATED_OBJC_IMPLEMENTATIONS = YES;
				CLANG_WARN_DIRECT_OBJC_ISA_USAGE = YES_ERROR;
				CLANG_WARN_DOCUMENTATION_COMMENTS = YES;
				CLANG_WARN_EMPTY_BODY = YES;
				CLANG_WARN_ENUM_CONVERSION = YES;
				CLANG_WARN_INFINITE_RECURSION = YES;
				CLANG_WARN_INT_CONVERSION = YES;
				CLANG_WARN_NON_LITERAL_NULL_CONVERSION = YES;
				CLANG_WARN_OBJC_IMPLICIT_RETAIN_SELF = YES;
				CLANG_WARN_OBJC_LITERAL_CONVERSION = YES;
				CLANG_WARN_OBJC_ROOT_CLASS = YES_ERROR;
				CLANG_WARN_QUOTED_INCLUDE_IN_FRAMEWORK_HEADER = YES;
				CLANG_WARN_RANGE_LOOP_ANALYSIS = YES;
				CLANG_WARN_STRICT_PROTOTYPES = YES;
				CLANG_WARN_SUSPICIOUS_MOVE = YES;
				CLANG_WARN_UNGUARDED_AVAILABILITY = YES_AGGRESSIVE;
				CLANG_WARN_UNREACHABLE_CODE = YES;
				CLANG_WARN__DUPLICATE_METHOD_MATCH = YES;
				COPY_PHASE_STRIP = NO;
				DEBUG_INFORMATION_FORMAT = dwarf;
				ENABLE_STRICT_OBJC_MSGSEND = YES;
				ENABLE_TESTABILITY = YES;
				GCC_C_LANGUAGE_STANDARD = gnu11;
				GCC_DYNAMIC_NO_PIC = NO;
				GCC_NO_COMMON_BLOCKS = YES;
				GCC_OPTIMIZATION_LEVEL = 0;
				GCC_PREPROCESSOR_DEFINITIONS = (
					"DEBUG=1",
					"$(inherited)",
				);
				GCC_WARN_64_TO_32_BIT_CONVERSION = YES;
				GCC_WARN_ABOUT_RETURN_TYPE = YES_ERROR;
				GCC_WARN_UNDECLARED_SELECTOR = YES;
				GCC_WARN_UNINITIALIZED_AUTOS = YES_AGGRESSIVE;
				GCC_WARN_UNUSED_FUNCTION = YES;
				GCC_WARN_UNUSED_VARIABLE = YES;
				IPHONEOS_DEPLOYMENT_TARGET = 16.4;
				MTL_ENABLE_DEBUG_INFO = INCLUDE_SOURCE;
				MTL_FAST_MATH = YES;
				ONLY_ACTIVE_ARCH = YES;
				SDKROOT = iphoneos;
				SWIFT_ACTIVE_COMPILATION_CONDITIONS = DEBUG;
				SWIFT_OPTIMIZATION_LEVEL = "-Onone";
			};
			name = Debug;
		};
		23ECE49C2AB1A1AE0048D0C8 /* Release */ = {
			isa = XCBuildConfiguration;
			buildSettings = {
				ALWAYS_SEARCH_USER_PATHS = NO;
				CLANG_ANALYZER_NONNULL = YES;
				CLANG_ANALYZER_NUMBER_OBJECT_CONVERSION = YES_AGGRESSIVE;
				CLANG_CXX_LANGUAGE_STANDARD = "gnu++20";
				CLANG_ENABLE_MODULES = YES;
				CLANG_ENABLE_OBJC_ARC = YES;
				CLANG_ENABLE_OBJC_WEAK = YES;
				CLANG_WARN_BLOCK_CAPTURE_AUTORELEASING = YES;
				CLANG_WARN_BOOL_CONVERSION = YES;
				CLANG_WARN_COMMA = YES;
				CLANG_WARN_CONSTANT_CONVERSION = YES;
				CLANG_WARN_DEPRECATED_OBJC_IMPLEMENTATIONS = YES;
				CLANG_WARN_DIRECT_OBJC_ISA_USAGE = YES_ERROR;
				CLANG_WARN_DOCUMENTATION_COMMENTS = YES;
				CLANG_WARN_EMPTY_BODY = YES;
				CLANG_WARN_ENUM_CONVERSION = YES;
				CLANG_WARN_INFINITE_RECURSION = YES;
				CLANG_WARN_INT_CONVERSION = YES;
				CLANG_WARN_NON_LITERAL_NULL_CONVERSION = YES;
				CLANG_WARN_OBJC_IMPLICIT_RETAIN_SELF = YES;
				CLANG_WARN_OBJC_LITERAL_CONVERSION = YES;
				CLANG_WARN_OBJC_ROOT_CLASS = YES_ERROR;
				CLANG_WARN_QUOTED_INCLUDE_IN_FRAMEWORK_HEADER = YES;
				CLANG_WARN_RANGE_LOOP_ANALYSIS = YES;
				CLANG_WARN_STRICT_PROTOTYPES = YES;
				CLANG_WARN_SUSPICIOUS_MOVE = YES;
				CLANG_WARN_UNGUARDED_AVAILABILITY = YES_AGGRESSIVE;
				CLANG_WARN_UNREACHABLE_CODE = YES;
				CLANG_WARN__DUPLICATE_METHOD_MATCH = YES;
				COPY_PHASE_STRIP = NO;
				DEBUG_INFORMATION_FORMAT = "dwarf-with-dsym";
				ENABLE_NS_ASSERTIONS = NO;
				ENABLE_STRICT_OBJC_MSGSEND = YES;
				GCC_C_LANGUAGE_STANDARD = gnu11;
				GCC_NO_COMMON_BLOCKS = YES;
				GCC_WARN_64_TO_32_BIT_CONVERSION = YES;
				GCC_WARN_ABOUT_RETURN_TYPE = YES_ERROR;
				GCC_WARN_UNDECLARED_SELECTOR = YES;
				GCC_WARN_UNINITIALIZED_AUTOS = YES_AGGRESSIVE;
				GCC_WARN_UNUSED_FUNCTION = YES;
				GCC_WARN_UNUSED_VARIABLE = YES;
				IPHONEOS_DEPLOYMENT_TARGET = 16.4;
				MTL_ENABLE_DEBUG_INFO = NO;
				MTL_FAST_MATH = YES;
				SDKROOT = iphoneos;
				SWIFT_COMPILATION_MODE = wholemodule;
				SWIFT_OPTIMIZATION_LEVEL = "-O";
				VALIDATE_PRODUCT = YES;
			};
			name = Release;
		};
		23ECE49E2AB1A1AE0048D0C8 /* Debug */ = {
			isa = XCBuildConfiguration;
			buildSettings = {
				ASSETCATALOG_COMPILER_APPICON_NAME = AppIcon;
				ASSETCATALOG_COMPILER_GLOBAL_ACCENT_COLOR_NAME = AccentColor;
				CODE_SIGN_STYLE = Automatic;
				CURRENT_PROJECT_VERSION = 1;
				DEVELOPMENT_TEAM = 2A542MXRY2;
				GENERATE_INFOPLIST_FILE = YES;
				INFOPLIST_FILE = "ItunesSearch Test/Info.plist";
				INFOPLIST_KEY_UIApplicationSupportsIndirectInputEvents = YES;
				INFOPLIST_KEY_UILaunchStoryboardName = LaunchScreen;
				INFOPLIST_KEY_UIMainStoryboardFile = Main;
				INFOPLIST_KEY_UISupportedInterfaceOrientations_iPad = "UIInterfaceOrientationPortrait UIInterfaceOrientationPortraitUpsideDown UIInterfaceOrientationLandscapeLeft UIInterfaceOrientationLandscapeRight";
				INFOPLIST_KEY_UISupportedInterfaceOrientations_iPhone = "UIInterfaceOrientationPortrait UIInterfaceOrientationLandscapeLeft UIInterfaceOrientationLandscapeRight";
				LD_RUNPATH_SEARCH_PATHS = (
					"$(inherited)",
					"@executable_path/Frameworks",
				);
				MARKETING_VERSION = 1.0;
				PRODUCT_BUNDLE_IDENTIFIER = "com.kevin20694569.Test.ItunesSearch-Test";
				PRODUCT_NAME = "$(TARGET_NAME)";
				SWIFT_EMIT_LOC_STRINGS = YES;
				SWIFT_VERSION = 5.0;
				TARGETED_DEVICE_FAMILY = "1,2";
			};
			name = Debug;
		};
		23ECE49F2AB1A1AE0048D0C8 /* Release */ = {
			isa = XCBuildConfiguration;
			buildSettings = {
				ASSETCATALOG_COMPILER_APPICON_NAME = AppIcon;
				ASSETCATALOG_COMPILER_GLOBAL_ACCENT_COLOR_NAME = AccentColor;
				CODE_SIGN_STYLE = Automatic;
				CURRENT_PROJECT_VERSION = 1;
				DEVELOPMENT_TEAM = 2A542MXRY2;
				GENERATE_INFOPLIST_FILE = YES;
				INFOPLIST_FILE = "ItunesSearch Test/Info.plist";
				INFOPLIST_KEY_UIApplicationSupportsIndirectInputEvents = YES;
				INFOPLIST_KEY_UILaunchStoryboardName = LaunchScreen;
				INFOPLIST_KEY_UIMainStoryboardFile = Main;
				INFOPLIST_KEY_UISupportedInterfaceOrientations_iPad = "UIInterfaceOrientationPortrait UIInterfaceOrientationPortraitUpsideDown UIInterfaceOrientationLandscapeLeft UIInterfaceOrientationLandscapeRight";
				INFOPLIST_KEY_UISupportedInterfaceOrientations_iPhone = "UIInterfaceOrientationPortrait UIInterfaceOrientationLandscapeLeft UIInterfaceOrientationLandscapeRight";
				LD_RUNPATH_SEARCH_PATHS = (
					"$(inherited)",
					"@executable_path/Frameworks",
				);
				MARKETING_VERSION = 1.0;
				PRODUCT_BUNDLE_IDENTIFIER = "com.kevin20694569.Test.ItunesSearch-Test";
				PRODUCT_NAME = "$(TARGET_NAME)";
				SWIFT_EMIT_LOC_STRINGS = YES;
				SWIFT_VERSION = 5.0;
				TARGETED_DEVICE_FAMILY = "1,2";
			};
			name = Release;
		};
/* End XCBuildConfiguration section */

/* Begin XCConfigurationList section */
		23ECE4812AB1A1AD0048D0C8 /* Build configuration list for PBXProject "ItunesSearch Test" */ = {
			isa = XCConfigurationList;
			buildConfigurations = (
				23ECE49B2AB1A1AE0048D0C8 /* Debug */,
				23ECE49C2AB1A1AE0048D0C8 /* Release */,
			);
			defaultConfigurationIsVisible = 0;
			defaultConfigurationName = Release;
		};
		23ECE49D2AB1A1AE0048D0C8 /* Build configuration list for PBXNativeTarget "ItunesSearch Test" */ = {
			isa = XCConfigurationList;
			buildConfigurations = (
				23ECE49E2AB1A1AE0048D0C8 /* Debug */,
				23ECE49F2AB1A1AE0048D0C8 /* Release */,
			);
			defaultConfigurationIsVisible = 0;
			defaultConfigurationName = Release;
		};
/* End XCConfigurationList section */

/* Begin XCVersionGroup section */
		23ECE4922AB1A1AD0048D0C8 /* ItunesSearch_Test.xcdatamodeld */ = {
			isa = XCVersionGroup;
			children = (
				23ECE4932AB1A1AD0048D0C8 /* ItunesSearch_Test.xcdatamodel */,
			);
			currentVersion = 23ECE4932AB1A1AD0048D0C8 /* ItunesSearch_Test.xcdatamodel */;
			path = ItunesSearch_Test.xcdatamodeld;
			sourceTree = "<group>";
			versionGroupType = wrapper.xcdatamodel;
		};
/* End XCVersionGroup section */
	};
	rootObject = 23ECE47E2AB1A1AD0048D0C8 /* Project object */;
}
